
Microsoft Visual Studio Solution File, Format Version 12.00
# Visual Studio Version 17
VisualStudioVersion = 17.9.34622.214
MinimumVisualStudioVersion = 10.0.40219.1
Project("{FAE04EC0-301F-11D3-BF4B-00C04F79EFBC}") = "WpfApp1", "WpfApp1.csproj", "{8D85E03E-4742-426F-914E-B7F24E130CAE}"
EndProject
Global
	GlobalSection(SolutionConfigurationPlatforms) = preSolution
		Debug|Any CPU = Debug|Any CPU
		Release|Any CPU = Release|Any CPU
	EndGlobalSection
	GlobalSection(ProjectConfigurationPlatforms) = postSolution
		{8D85E03E-4742-426F-914E-B7F24E130CAE}.Debug|Any CPU.ActiveCfg = Debug|Any CPU
		{8D85E03E-4742-426F-914E-B7F24E130CAE}.Debug|Any CPU.Build.0 = Debug|Any CPU
		{8D85E03E-4742-426F-914E-B7F24E130CAE}.Release|Any CPU.ActiveCfg = Release|Any CPU
		{8D85E03E-4742-426F-914E-B7F24E130CAE}.Release|Any CPU.Build.0 = Release|Any CPU
	EndGlobalSection
	GlobalSection(SolutionProperties) = preSolution
		HideSolutionNode = FALSE
	EndGlobalSection
	GlobalSection(ExtensibilityGlobals) = postSolution
		SolutionGuid = {953AA5D5-0BFB-450D-9824-753D4C250600}
	EndGlobalSection
EndGlobal
